
Microsoft Visual Studio Solution File, Format Version 12.00
# Visual Studio Version 17
VisualStudioVersion = 17.2.32602.215
MinimumVisualStudioVersion = 10.0.40219.1
Project("{FAE04EC0-301F-11D3-BF4B-00C04F79EFBC}") = "TrabajandoEnCapas", "TrabajandoEnCapas\TrabajandoEnCapas.csproj", "{460D05B4-C471-451D-BCED-F1C7B0BDADB4}"
EndProject
Project("{FAE04EC0-301F-11D3-BF4B-00C04F79EFBC}") = "Datos", "Datos\Datos.csproj", "{37629107-89E9-4309-B0F1-72506976EDBF}"
EndProject
Project("{FAE04EC0-301F-11D3-BF4B-00C04F79EFBC}") = "Entidades", "Entidades\Entidades.csproj", "{A318FDF1-F06B-4572-AF17-E1531F2DAAAC}"
EndProject
Project("{FAE04EC0-301F-11D3-BF4B-00C04F79EFBC}") = "Negocios", "Negocios\Negocios.csproj", "{34771F82-37A6-4C77-89C0-F0F377FF6FDD}"
EndProject
Project("{FAE04EC0-301F-11D3-BF4B-00C04F79EFBC}") = "Presentacion", "Presentacion\Presentacion.csproj", "{DDDC9B12-0384-408C-A988-E6ADCABA21D1}"
EndProject
Global
	GlobalSection(SolutionConfigurationPlatforms) = preSolution
		Debug|Any CPU = Debug|Any CPU
		Release|Any CPU = Release|Any CPU
	EndGlobalSection
	GlobalSection(ProjectConfigurationPlatforms) = postSolution
		{460D05B4-C471-451D-BCED-F1C7B0BDADB4}.Debug|Any CPU.ActiveCfg = Debug|Any CPU
		{460D05B4-C471-451D-BCED-F1C7B0BDADB4}.Debug|Any CPU.Build.0 = Debug|Any CPU
		{460D05B4-C471-451D-BCED-F1C7B0BDADB4}.Release|Any CPU.ActiveCfg = Release|Any CPU
		{460D05B4-C471-451D-BCED-F1C7B0BDADB4}.Release|Any CPU.Build.0 = Release|Any CPU
		{37629107-89E9-4309-B0F1-72506976EDBF}.Debug|Any CPU.ActiveCfg = Debug|Any CPU
		{37629107-89E9-4309-B0F1-72506976EDBF}.Debug|Any CPU.Build.0 = Debug|Any CPU
		{37629107-89E9-4309-B0F1-72506976EDBF}.Release|Any CPU.ActiveCfg = Release|Any CPU
		{37629107-89E9-4309-B0F1-72506976EDBF}.Release|Any CPU.Build.0 = Release|Any CPU
		{A318FDF1-F06B-4572-AF17-E1531F2DAAAC}.Debug|Any CPU.ActiveCfg = Debug|Any CPU
		{A318FDF1-F06B-4572-AF17-E1531F2DAAAC}.Debug|Any CPU.Build.0 = Debug|Any CPU
		{A318FDF1-F06B-4572-AF17-E1531F2DAAAC}.Release|Any CPU.ActiveCfg = Release|Any CPU
		{A318FDF1-F06B-4572-AF17-E1531F2DAAAC}.Release|Any CPU.Build.0 = Release|Any CPU
		{34771F82-37A6-4C77-89C0-F0F377FF6FDD}.Debug|Any CPU.ActiveCfg = Debug|Any CPU
		{34771F82-37A6-4C77-89C0-F0F377FF6FDD}.Debug|Any CPU.Build.0 = Debug|Any CPU
		{34771F82-37A6-4C77-89C0-F0F377FF6FDD}.Release|Any CPU.ActiveCfg = Release|Any CPU
		{34771F82-37A6-4C77-89C0-F0F377FF6FDD}.Release|Any CPU.Build.0 = Release|Any CPU
		{DDDC9B12-0384-408C-A988-E6ADCABA21D1}.Debug|Any CPU.ActiveCfg = Debug|Any CPU
		{DDDC9B12-0384-408C-A988-E6ADCABA21D1}.Debug|Any CPU.Build.0 = Debug|Any CPU
		{DDDC9B12-0384-408C-A988-E6ADCABA21D1}.Release|Any CPU.ActiveCfg = Release|Any CPU
		{DDDC9B12-0384-408C-A988-E6ADCABA21D1}.Release|Any CPU.Build.0 = Release|Any CPU
	EndGlobalSection
	GlobalSection(SolutionProperties) = preSolution
		HideSolutionNode = FALSE
	EndGlobalSection
	GlobalSection(ExtensibilityGlobals) = postSolution
		SolutionGuid = {DFC2252F-65CE-404B-8824-C5DB11B80FEC}
	EndGlobalSection
EndGlobal
